
Microsoft Visual Studio Solution File, Format Version 12.00
# Visual Studio Version 17
VisualStudioVersion = 17.7.34031.279
MinimumVisualStudioVersion = 10.0.40219.1
Project("{FAE04EC0-301F-11D3-BF4B-00C04F79EFBC}") = "red pill blue pill", "red pill blue pill\red pill blue pill.csproj", "{9A7477DB-DCC6-40D4-9C46-3E44C28E977C}"
EndProject
Global
	GlobalSection(SolutionConfigurationPlatforms) = preSolution
		Debug|Any CPU = Debug|Any CPU
		Release|Any CPU = Release|Any CPU
	EndGlobalSection
	GlobalSection(ProjectConfigurationPlatforms) = postSolution
		{9A7477DB-DCC6-40D4-9C46-3E44C28E977C}.Debug|Any CPU.ActiveCfg = Debug|Any CPU
		{9A7477DB-DCC6-40D4-9C46-3E44C28E977C}.Debug|Any CPU.Build.0 = Debug|Any CPU
		{9A7477DB-DCC6-40D4-9C46-3E44C28E977C}.Release|Any CPU.ActiveCfg = Release|Any CPU
		{9A7477DB-DCC6-40D4-9C46-3E44C28E977C}.Release|Any CPU.Build.0 = Release|Any CPU
	EndGlobalSection
	GlobalSection(SolutionProperties) = preSolution
		HideSolutionNode = FALSE
	EndGlobalSection
	GlobalSection(ExtensibilityGlobals) = postSolution
		SolutionGuid = {EBA744A8-6EC9-4D86-A177-ED4555E3E198}
	EndGlobalSection
EndGlobal
